
Microsoft Visual Studio Solution File, Format Version 12.00
# Visual Studio Version 16
VisualStudioVersion = 16.0.30104.148
MinimumVisualStudioVersion = 10.0.40219.1
Project("{FAE04EC0-301F-11D3-BF4B-00C04F79EFBC}") = "StringPermutation", "StringPermutation\StringPermutation.csproj", "{3CC2C482-4AC3-4AF1-9F2B-72AFA449F104}"
EndProject
Global
	GlobalSection(SolutionConfigurationPlatforms) = preSolution
		Debug|Any CPU = Debug|Any CPU
		Release|Any CPU = Release|Any CPU
	EndGlobalSection
	GlobalSection(ProjectConfigurationPlatforms) = postSolution
		{3CC2C482-4AC3-4AF1-9F2B-72AFA449F104}.Debug|Any CPU.ActiveCfg = Debug|Any CPU
		{3CC2C482-4AC3-4AF1-9F2B-72AFA449F104}.Debug|Any CPU.Build.0 = Debug|Any CPU
		{3CC2C482-4AC3-4AF1-9F2B-72AFA449F104}.Release|Any CPU.ActiveCfg = Release|Any CPU
		{3CC2C482-4AC3-4AF1-9F2B-72AFA449F104}.Release|Any CPU.Build.0 = Release|Any CPU
	EndGlobalSection
	GlobalSection(SolutionProperties) = preSolution
		HideSolutionNode = FALSE
	EndGlobalSection
	GlobalSection(ExtensibilityGlobals) = postSolution
		SolutionGuid = {367F0370-8E7B-4F0B-B7BF-99EE82EA2B76}
	EndGlobalSection
EndGlobal
